
Microsoft Visual Studio Solution File, Format Version 12.00
# Visual Studio Version 17
VisualStudioVersion = 17.5.002.0
MinimumVisualStudioVersion = 10.0.40219.1
Project("{9A19103F-16F7-4668-BE54-9A1E7A4F7556}") = "Ejercicio 4", "Ejercicio 4.csproj", "{466952D7-9603-4F79-B9CE-C91341DC5936}"
EndProject
Global
	GlobalSection(SolutionConfigurationPlatforms) = preSolution
		Debug|Any CPU = Debug|Any CPU
		Release|Any CPU = Release|Any CPU
	EndGlobalSection
	GlobalSection(ProjectConfigurationPlatforms) = postSolution
		{466952D7-9603-4F79-B9CE-C91341DC5936}.Debug|Any CPU.ActiveCfg = Debug|Any CPU
		{466952D7-9603-4F79-B9CE-C91341DC5936}.Debug|Any CPU.Build.0 = Debug|Any CPU
		{466952D7-9603-4F79-B9CE-C91341DC5936}.Release|Any CPU.ActiveCfg = Release|Any CPU
		{466952D7-9603-4F79-B9CE-C91341DC5936}.Release|Any CPU.Build.0 = Release|Any CPU
	EndGlobalSection
	GlobalSection(SolutionProperties) = preSolution
		HideSolutionNode = FALSE
	EndGlobalSection
	GlobalSection(ExtensibilityGlobals) = postSolution
		SolutionGuid = {08652C79-AB41-4BF2-A974-652952EE3857}
	EndGlobalSection
EndGlobal
